
Microsoft Visual Studio Solution File, Format Version 12.00
# Visual Studio Version 16
VisualStudioVersion = 16.0.29503.13
MinimumVisualStudioVersion = 10.0.40219.1
Project("{FAE04EC0-301F-11D3-BF4B-00C04F79EFBC}") = "AndroidChatApplication.Android", "AndroidChatApplication\AndroidChatApplication.Android\AndroidChatApplication.Android.csproj", "{A6D1A1D2-74F4-4646-A8C1-B3671DAEB470}"
EndProject
Project("{FAE04EC0-301F-11D3-BF4B-00C04F79EFBC}") = "AndroidChatApplication.iOS", "AndroidChatApplication\AndroidChatApplication.iOS\AndroidChatApplication.iOS.csproj", "{EB4AD16E-D3CE-41B6-B77E-F29DA345207A}"
EndProject
Project("{FAE04EC0-301F-11D3-BF4B-00C04F79EFBC}") = "AndroidChatApplication", "AndroidChatApplication\AndroidChatApplication\AndroidChatApplication.csproj", "{F44A932A-BCC0-45F7-96F1-62FAD8194DF7}"
EndProject
Global
	GlobalSection(SolutionConfigurationPlatforms) = preSolution
		Debug|Any CPU = Debug|Any CPU
		Debug|iPhone = Debug|iPhone
		Debug|iPhoneSimulator = Debug|iPhoneSimulator
		Release|Any CPU = Release|Any CPU
		Release|iPhone = Release|iPhone
		Release|iPhoneSimulator = Release|iPhoneSimulator
	EndGlobalSection
	GlobalSection(ProjectConfigurationPlatforms) = postSolution
		{A6D1A1D2-74F4-4646-A8C1-B3671DAEB470}.Debug|Any CPU.ActiveCfg = Debug|Any CPU
		{A6D1A1D2-74F4-4646-A8C1-B3671DAEB470}.Debug|Any CPU.Build.0 = Debug|Any CPU
		{A6D1A1D2-74F4-4646-A8C1-B3671DAEB470}.Debug|Any CPU.Deploy.0 = Debug|Any CPU
		{A6D1A1D2-74F4-4646-A8C1-B3671DAEB470}.Debug|iPhone.ActiveCfg = Debug|Any CPU
		{A6D1A1D2-74F4-4646-A8C1-B3671DAEB470}.Debug|iPhone.Build.0 = Debug|Any CPU
		{A6D1A1D2-74F4-4646-A8C1-B3671DAEB470}.Debug|iPhone.Deploy.0 = Debug|Any CPU
		{A6D1A1D2-74F4-4646-A8C1-B3671DAEB470}.Debug|iPhoneSimulator.ActiveCfg = Debug|Any CPU
		{A6D1A1D2-74F4-4646-A8C1-B3671DAEB470}.Debug|iPhoneSimulator.Build.0 = Debug|Any CPU
		{A6D1A1D2-74F4-4646-A8C1-B3671DAEB470}.Debug|iPhoneSimulator.Deploy.0 = Debug|Any CPU
		{A6D1A1D2-74F4-4646-A8C1-B3671DAEB470}.Release|Any CPU.ActiveCfg = Release|Any CPU
		{A6D1A1D2-74F4-4646-A8C1-B3671DAEB470}.Release|Any CPU.Build.0 = Release|Any CPU
		{A6D1A1D2-74F4-4646-A8C1-B3671DAEB470}.Release|Any CPU.Deploy.0 = Release|Any CPU
		{A6D1A1D2-74F4-4646-A8C1-B3671DAEB470}.Release|iPhone.ActiveCfg = Release|Any CPU
		{A6D1A1D2-74F4-4646-A8C1-B3671DAEB470}.Release|iPhone.Build.0 = Release|Any CPU
		{A6D1A1D2-74F4-4646-A8C1-B3671DAEB470}.Release|iPhone.Deploy.0 = Release|Any CPU
		{A6D1A1D2-74F4-4646-A8C1-B3671DAEB470}.Release|iPhoneSimulator.ActiveCfg = Release|Any CPU
		{A6D1A1D2-74F4-4646-A8C1-B3671DAEB470}.Release|iPhoneSimulator.Build.0 = Release|Any CPU
		{A6D1A1D2-74F4-4646-A8C1-B3671DAEB470}.Release|iPhoneSimulator.Deploy.0 = Release|Any CPU
		{EB4AD16E-D3CE-41B6-B77E-F29DA345207A}.Debug|Any CPU.ActiveCfg = Debug|iPhoneSimulator
		{EB4AD16E-D3CE-41B6-B77E-F29DA345207A}.Debug|Any CPU.Build.0 = Debug|iPhoneSimulator
		{EB4AD16E-D3CE-41B6-B77E-F29DA345207A}.Debug|Any CPU.Deploy.0 = Debug|iPhoneSimulator
		{EB4AD16E-D3CE-41B6-B77E-F29DA345207A}.Debug|iPhone.ActiveCfg = Debug|iPhone
		{EB4AD16E-D3CE-41B6-B77E-F29DA345207A}.Debug|iPhone.Build.0 = Debug|iPhone
		{EB4AD16E-D3CE-41B6-B77E-F29DA345207A}.Debug|iPhone.Deploy.0 = Debug|iPhone
		{EB4AD16E-D3CE-41B6-B77E-F29DA345207A}.Debug|iPhoneSimulator.ActiveCfg = Debug|iPhoneSimulator
		{EB4AD16E-D3CE-41B6-B77E-F29DA345207A}.Debug|iPhoneSimulator.Build.0 = Debug|iPhoneSimulator
		{EB4AD16E-D3CE-41B6-B77E-F29DA345207A}.Debug|iPhoneSimulator.Deploy.0 = Debug|iPhoneSimulator
		{EB4AD16E-D3CE-41B6-B77E-F29DA345207A}.Release|Any CPU.ActiveCfg = Release|iPhone
		{EB4AD16E-D3CE-41B6-B77E-F29DA345207A}.Release|Any CPU.Build.0 = Release|iPhone
		{EB4AD16E-D3CE-41B6-B77E-F29DA345207A}.Release|Any CPU.Deploy.0 = Release|iPhone
		{EB4AD16E-D3CE-41B6-B77E-F29DA345207A}.Release|iPhone.ActiveCfg = Release|iPhone
		{EB4AD16E-D3CE-41B6-B77E-F29DA345207A}.Release|iPhone.Build.0 = Release|iPhone
		{EB4AD16E-D3CE-41B6-B77E-F29DA345207A}.Release|iPhone.Deploy.0 = Release|iPhone
		{EB4AD16E-D3CE-41B6-B77E-F29DA345207A}.Release|iPhoneSimulator.ActiveCfg = Release|iPhoneSimulator
		{EB4AD16E-D3CE-41B6-B77E-F29DA345207A}.Release|iPhoneSimulator.Build.0 = Release|iPhoneSimulator
		{EB4AD16E-D3CE-41B6-B77E-F29DA345207A}.Release|iPhoneSimulator.Deploy.0 = Release|iPhoneSimulator
		{F44A932A-BCC0-45F7-96F1-62FAD8194DF7}.Debug|Any CPU.ActiveCfg = Debug|Any CPU
		{F44A932A-BCC0-45F7-96F1-62FAD8194DF7}.Debug|Any CPU.Build.0 = Debug|Any CPU
		{F44A932A-BCC0-45F7-96F1-62FAD8194DF7}.Debug|Any CPU.Deploy.0 = Debug|Any CPU
		{F44A932A-BCC0-45F7-96F1-62FAD8194DF7}.Debug|iPhone.ActiveCfg = Debug|Any CPU
		{F44A932A-BCC0-45F7-96F1-62FAD8194DF7}.Debug|iPhone.Build.0 = Debug|Any CPU
		{F44A932A-BCC0-45F7-96F1-62FAD8194DF7}.Debug|iPhone.Deploy.0 = Debug|Any CPU
		{F44A932A-BCC0-45F7-96F1-62FAD8194DF7}.Debug|iPhoneSimulator.ActiveCfg = Debug|Any CPU
		{F44A932A-BCC0-45F7-96F1-62FAD8194DF7}.Debug|iPhoneSimulator.Build.0 = Debug|Any CPU
		{F44A932A-BCC0-45F7-96F1-62FAD8194DF7}.Debug|iPhoneSimulator.Deploy.0 = Debug|Any CPU
		{F44A932A-BCC0-45F7-96F1-62FAD8194DF7}.Release|Any CPU.ActiveCfg = Release|Any CPU
		{F44A932A-BCC0-45F7-96F1-62FAD8194DF7}.Release|Any CPU.Build.0 = Release|Any CPU
		{F44A932A-BCC0-45F7-96F1-62FAD8194DF7}.Release|Any CPU.Deploy.0 = Release|Any CPU
		{F44A932A-BCC0-45F7-96F1-62FAD8194DF7}.Release|iPhone.ActiveCfg = Release|Any CPU
		{F44A932A-BCC0-45F7-96F1-62FAD8194DF7}.Release|iPhone.Build.0 = Release|Any CPU
		{F44A932A-BCC0-45F7-96F1-62FAD8194DF7}.Release|iPhone.Deploy.0 = Release|Any CPU
		{F44A932A-BCC0-45F7-96F1-62FAD8194DF7}.Release|iPhoneSimulator.ActiveCfg = Release|Any CPU
		{F44A932A-BCC0-45F7-96F1-62FAD8194DF7}.Release|iPhoneSimulator.Build.0 = Release|Any CPU
		{F44A932A-BCC0-45F7-96F1-62FAD8194DF7}.Release|iPhoneSimulator.Deploy.0 = Release|Any CPU
	EndGlobalSection
	GlobalSection(SolutionProperties) = preSolution
		HideSolutionNode = FALSE
	EndGlobalSection
	GlobalSection(ExtensibilityGlobals) = postSolution
		SolutionGuid = {97D49BAC-D647-4403-A1D1-7DE8DEE2E85E}
	EndGlobalSection
EndGlobal
